// !$*UTF8*$!
{
	archiveVersion = 1;
	classes = {
	};
	objectVersion = 56;
	objects = {

/* Begin PBXBuildFile section */
		FB0CD3382DBFDCD000C5D487 /* pantalla_planeta.swift in Sources */ = {isa = PBXBuildFile; fileRef = FB0CD3372DBFDCD000C5D487 /* pantalla_planeta.swift */; };
		FB283BB02DA4281C00896C09 /* pantalla_descripcion.swift in Sources */ = {isa = PBXBuildFile; fileRef = FB283BAF2DA4281C00896C09 /* pantalla_descripcion.swift */; };
		FB2D59B82D91B07D00C4D7DF /* RedesSocialesApp.swift in Sources */ = {isa = PBXBuildFile; fileRef = FB2D59B72D91B07D00C4D7DF /* RedesSocialesApp.swift */; };
		FB2D59BA2D91B07D00C4D7DF /* ContentView.swift in Sources */ = {isa = PBXBuildFile; fileRef = FB2D59B92D91B07D00C4D7DF /* ContentView.swift */; };
		FB2D59BC2D91B07E00C4D7DF /* Assets.xcassets in Resources */ = {isa = PBXBuildFile; fileRef = FB2D59BB2D91B07E00C4D7DF /* Assets.xcassets */; };
		FB2D59BF2D91B07E00C4D7DF /* Preview Assets.xcassets in Resources */ = {isa = PBXBuildFile; fileRef = FB2D59BE2D91B07E00C4D7DF /* Preview Assets.xcassets */; };
		FB2D59C92D91B25500C4D7DF /* Publicacion.swift in Sources */ = {isa = PBXBuildFile; fileRef = FB2D59C82D91B25500C4D7DF /* Publicacion.swift */; };
		FB2D59CB2D91B49C00C4D7DF /* placeholder_api.swift in Sources */ = {isa = PBXBuildFile; fileRef = FB2D59CA2D91B49C00C4D7DF /* placeholder_api.swift */; };
		FB2D59CD2D91B4AA00C4D7DF /* errores.swift in Sources */ = {isa = PBXBuildFile; fileRef = FB2D59CC2D91B4AA00C4D7DF /* errores.swift */; };
		FB2D59CF2D91BC4100C4D7DF /* controlador_publicaciones.swift in Sources */ = {isa = PBXBuildFile; fileRef = FB2D59CE2D91BC4100C4D7DF /* controlador_publicaciones.swift */; };
		FB2D59D32D91BE1900C4D7DF /* publicaciones_general.swift in Sources */ = {isa = PBXBuildFile; fileRef = FB2D59D22D91BE1900C4D7DF /* publicaciones_general.swift */; };
		FB9A25F92D94633A00F6F507 /* comentario.swift in Sources */ = {isa = PBXBuildFile; fileRef = FB9A25F82D94633A00F6F507 /* comentario.swift */; };
		FB9B38252D9700F50057C2D2 /* perfil.swift in Sources */ = {isa = PBXBuildFile; fileRef = FB9B38242D9700F50057C2D2 /* perfil.swift */; };
		FB9B38282D9704690057C2D2 /* perfil_vista_basica.swift in Sources */ = {isa = PBXBuildFile; fileRef = FB9B38272D9704690057C2D2 /* perfil_vista_basica.swift */; };
		FBBA08532D9AECA200890170 /* menu_aplicacion.swift in Sources */ = {isa = PBXBuildFile; fileRef = FBBA08522D9AECA200890170 /* menu_aplicacion.swift */; };
		FBBCD5F52D94534E0025B4C5 /* controlador_app.swift in Sources */ = {isa = PBXBuildFile; fileRef = FBBCD5F42D94534E0025B4C5 /* controlador_app.swift */; };
		FBBCD5F72D945E880025B4C5 /* publicacion.swift in Sources */ = {isa = PBXBuildFile; fileRef = FBBCD5F62D945E880025B4C5 /* publicacion.swift */; };
		FBE61A9E2DA030970069B2C4 /* mono_chino.swift in Sources */ = {isa = PBXBuildFile; fileRef = FBE61A9D2DA030970069B2C4 /* mono_chino.swift */; };
		FBE61AA02DA030EF0069B2C4 /* planeta.swift in Sources */ = {isa = PBXBuildFile; fileRef = FBE61A9F2DA030EF0069B2C4 /* planeta.swift */; };
		FBE61AA22DA0312C0069B2C4 /* transformacion.swift in Sources */ = {isa = PBXBuildFile; fileRef = FBE61AA12DA0312C0069B2C4 /* transformacion.swift */; };
		FBE61AA42DA031710069B2C4 /* dragonball_api.swift in Sources */ = {isa = PBXBuildFile; fileRef = FBE61AA32DA031710069B2C4 /* dragonball_api.swift */; };
		FBE61AA72DA032610069B2C4 /* pagina_resultados.swift in Sources */ = {isa = PBXBuildFile; fileRef = FBE61AA62DA032610069B2C4 /* pagina_resultados.swift */; };
		FBE61AAA2DA034030069B2C4 /* pantalla_personajes.swift in Sources */ = {isa = PBXBuildFile; fileRef = FBE61AA92DA034030069B2C4 /* pantalla_personajes.swift */; };
/* End PBXBuildFile section */

/* Begin PBXFileReference section */
		FB0CD3372DBFDCD000C5D487 /* pantalla_planeta.swift */ = {isa = PBXFileReference; lastKnownFileType = sourcecode.swift; path = pantalla_planeta.swift; sourceTree = "<group>"; };
		FB283BAF2DA4281C00896C09 /* pantalla_descripcion.swift */ = {isa = PBXFileReference; lastKnownFileType = sourcecode.swift; path = pantalla_descripcion.swift; sourceTree = "<group>"; };
		FB2D59B42D91B07D00C4D7DF /* RedesSociales.app */ = {isa = PBXFileReference; explicitFileType = wrapper.application; includeInIndex = 0; path = RedesSociales.app; sourceTree = BUILT_PRODUCTS_DIR; };
		FB2D59B72D91B07D00C4D7DF /* RedesSocialesApp.swift */ = {isa = PBXFileReference; lastKnownFileType = sourcecode.swift; path = RedesSocialesApp.swift; sourceTree = "<group>"; };
		FB2D59B92D91B07D00C4D7DF /* ContentView.swift */ = {isa = PBXFileReference; lastKnownFileType = sourcecode.swift; path = ContentView.swift; sourceTree = "<group>"; };
		FB2D59BB2D91B07E00C4D7DF /* Assets.xcassets */ = {isa = PBXFileReference; lastKnownFileType = folder.assetcatalog; path = Assets.xcassets; sourceTree = "<group>"; };
		FB2D59BE2D91B07E00C4D7DF /* Preview Assets.xcassets */ = {isa = PBXFileReference; lastKnownFileType = folder.assetcatalog; path = "Preview Assets.xcassets"; sourceTree = "<group>"; };
		FB2D59C82D91B25500C4D7DF /* Publicacion.swift */ = {isa = PBXFileReference; lastKnownFileType = sourcecode.swift; path = Publicacion.swift; sourceTree = "<group>"; };
		FB2D59CA2D91B49C00C4D7DF /* placeholder_api.swift */ = {isa = PBXFileReference; lastKnownFileType = sourcecode.swift; path = placeholder_api.swift; sourceTree = "<group>"; };
		FB2D59CC2D91B4AA00C4D7DF /* errores.swift */ = {isa = PBXFileReference; lastKnownFileType = sourcecode.swift; path = errores.swift; sourceTree = "<group>"; };
		FB2D59CE2D91BC4100C4D7DF /* controlador_publicaciones.swift */ = {isa = PBXFileReference; lastKnownFileType = sourcecode.swift; path = controlador_publicaciones.swift; sourceTree = "<group>"; };
		FB2D59D22D91BE1900C4D7DF /* publicaciones_general.swift */ = {isa = PBXFileReference; lastKnownFileType = sourcecode.swift; path = publicaciones_general.swift; sourceTree = "<group>"; };
		FB9A25F82D94633A00F6F507 /* comentario.swift */ = {isa = PBXFileReference; lastKnownFileType = sourcecode.swift; path = comentario.swift; sourceTree = "<group>"; };
		FB9B38242D9700F50057C2D2 /* perfil.swift */ = {isa = PBXFileReference; lastKnownFileType = sourcecode.swift; path = perfil.swift; sourceTree = "<group>"; };
		FB9B38272D9704690057C2D2 /* perfil_vista_basica.swift */ = {isa = PBXFileReference; lastKnownFileType = sourcecode.swift; path = perfil_vista_basica.swift; sourceTree = "<group>"; };
		FBBA08522D9AECA200890170 /* menu_aplicacion.swift */ = {isa = PBXFileReference; lastKnownFileType = sourcecode.swift; path = menu_aplicacion.swift; sourceTree = "<group>"; };
		FBBCD5F42D94534E0025B4C5 /* controlador_app.swift */ = {isa = PBXFileReference; lastKnownFileType = sourcecode.swift; path = controlador_app.swift; sourceTree = "<group>"; };
		FBBCD5F62D945E880025B4C5 /* publicacion.swift */ = {isa = PBXFileReference; lastKnownFileType = sourcecode.swift; path = publicacion.swift; sourceTree = "<group>"; };
		FBE61A9D2DA030970069B2C4 /* mono_chino.swift */ = {isa = PBXFileReference; lastKnownFileType = sourcecode.swift; path = mono_chino.swift; sourceTree = "<group>"; };
		FBE61A9F2DA030EF0069B2C4 /* planeta.swift */ = {isa = PBXFileReference; lastKnownFileType = sourcecode.swift; path = planeta.swift; sourceTree = "<group>"; };
		FBE61AA12DA0312C0069B2C4 /* transformacion.swift */ = {isa = PBXFileReference; lastKnownFileType = sourcecode.swift; path = transformacion.swift; sourceTree = "<group>"; };
		FBE61AA32DA031710069B2C4 /* dragonball_api.swift */ = {isa = PBXFileReference; lastKnownFileType = sourcecode.swift; path = dragonball_api.swift; sourceTree = "<group>"; };
		FBE61AA62DA032610069B2C4 /* pagina_resultados.swift */ = {isa = PBXFileReference; lastKnownFileType = sourcecode.swift; path = pagina_resultados.swift; sourceTree = "<group>"; };
		FBE61AA92DA034030069B2C4 /* pantalla_personajes.swift */ = {isa = PBXFileReference; lastKnownFileType = sourcecode.swift; path = pantalla_personajes.swift; sourceTree = "<group>"; };
/* End PBXFileReference section */

/* Begin PBXFrameworksBuildPhase section */
		FB2D59B12D91B07D00C4D7DF /* Frameworks */ = {
			isa = PBXFrameworksBuildPhase;
			buildActionMask = 2147483647;
			files = (
			);
			runOnlyForDeploymentPostprocessing = 0;
		};
/* End PBXFrameworksBuildPhase section */

/* Begin PBXGroup section */
		FB2D59AB2D91B07D00C4D7DF = {
			isa = PBXGroup;
			children = (
				FB2D59B62D91B07D00C4D7DF /* RedesSociales */,
				FB2D59B52D91B07D00C4D7DF /* Products */,
			);
			sourceTree = "<group>";
		};
		FB2D59B52D91B07D00C4D7DF /* Products */ = {
			isa = PBXGroup;
			children = (
				FB2D59B42D91B07D00C4D7DF /* RedesSociales.app */,
			);
			name = Products;
			sourceTree = "<group>";
		};
		FB2D59B62D91B07D00C4D7DF /* RedesSociales */ = {
			isa = PBXGroup;
			children = (
				FB2D59D02D91BDF400C4D7DF /* ui */,
				FB2D59C72D91B19E00C4D7DF /* servicios_API */,
				FB2D59C62D91B18E00C4D7DF /* controladores */,
				FB2D59C52D91B18100C4D7DF /* modelos */,
				FB2D59B72D91B07D00C4D7DF /* RedesSocialesApp.swift */,
				FB2D59B92D91B07D00C4D7DF /* ContentView.swift */,
				FB2D59BB2D91B07E00C4D7DF /* Assets.xcassets */,
				FB2D59BD2D91B07E00C4D7DF /* Preview Content */,
			);
			path = RedesSociales;
			sourceTree = "<group>";
		};
		FB2D59BD2D91B07E00C4D7DF /* Preview Content */ = {
			isa = PBXGroup;
			children = (
				FB2D59BE2D91B07E00C4D7DF /* Preview Assets.xcassets */,
			);
			path = "Preview Content";
			sourceTree = "<group>";
		};
		FB2D59C52D91B18100C4D7DF /* modelos */ = {
			isa = PBXGroup;
			children = (
				FBE61A9C2DA030420069B2C4 /* dragon_ball */,
				FB2D59C82D91B25500C4D7DF /* Publicacion.swift */,
				FB9A25F82D94633A00F6F507 /* comentario.swift */,
				FB9B38242D9700F50057C2D2 /* perfil.swift */,
			);
			path = modelos;
			sourceTree = "<group>";
		};
		FB2D59C62D91B18E00C4D7DF /* controladores */ = {
			isa = PBXGroup;
			children = (
				FB2D59CE2D91BC4100C4D7DF /* controlador_publicaciones.swift */,
				FBBCD5F42D94534E0025B4C5 /* controlador_app.swift */,
			);
			path = controladores;
			sourceTree = "<group>";
		};
		FB2D59C72D91B19E00C4D7DF /* servicios_API */ = {
			isa = PBXGroup;
			children = (
				FB2D59CA2D91B49C00C4D7DF /* placeholder_api.swift */,
				FB2D59CC2D91B4AA00C4D7DF /* errores.swift */,
				FBE61AA32DA031710069B2C4 /* dragonball_api.swift */,
			);
			path = servicios_API;
			sourceTree = "<group>";
		};
		FB2D59D02D91BDF400C4D7DF /* ui */ = {
			isa = PBXGroup;
			children = (
				FBE61AA82DA033EF0069B2C4 /* dragon_ball */,
				FBBA08512D9AEC0400890170 /* menu_inicial */,
				FB9B38262D9704500057C2D2 /* perfil_basico */,
				FB2D59D12D91BDFC00C4D7DF /* publicaciones */,
			);
			path = ui;
			sourceTree = "<group>";
		};
		FB2D59D12D91BDFC00C4D7DF /* publicaciones */ = {
			isa = PBXGroup;
			children = (
				FB2D59D22D91BE1900C4D7DF /* publicaciones_general.swift */,
				FBBCD5F62D945E880025B4C5 /* publicacion.swift */,
			);
			path = publicaciones;
			sourceTree = "<group>";
		};
		FB9B38262D9704500057C2D2 /* perfil_basico */ = {
			isa = PBXGroup;
			children = (
				FB9B38272D9704690057C2D2 /* perfil_vista_basica.swift */,
			);
			path = perfil_basico;
			sourceTree = "<group>";
		};
		FBBA08512D9AEC0400890170 /* menu_inicial */ = {
			isa = PBXGroup;
			children = (
				FBBA08522D9AECA200890170 /* menu_aplicacion.swift */,
			);
			path = menu_inicial;
			sourceTree = "<group>";
		};
		FBE61A9C2DA030420069B2C4 /* dragon_ball */ = {
			isa = PBXGroup;
			children = (
				FBE61AA52DA0320A0069B2C4 /* soporte */,
				FBE61A9D2DA030970069B2C4 /* mono_chino.swift */,
				FBE61A9F2DA030EF0069B2C4 /* planeta.swift */,
				FBE61AA12DA0312C0069B2C4 /* transformacion.swift */,
			);
			path = dragon_ball;
			sourceTree = "<group>";
		};
		FBE61AA52DA0320A0069B2C4 /* soporte */ = {
			isa = PBXGroup;
			children = (
				FBE61AA62DA032610069B2C4 /* pagina_resultados.swift */,
			);
			path = soporte;
			sourceTree = "<group>";
		};
		FBE61AA82DA033EF0069B2C4 /* dragon_ball */ = {
			isa = PBXGroup;
			children = (
				FBE61AA92DA034030069B2C4 /* pantalla_personajes.swift */,
				FB283BAF2DA4281C00896C09 /* pantalla_descripcion.swift */,
				FB0CD3372DBFDCD000C5D487 /* pantalla_planeta.swift */,
			);
			path = dragon_ball;
			sourceTree = "<group>";
		};
/* End PBXGroup section */

/* Begin PBXNativeTarget section */
		FB2D59B32D91B07D00C4D7DF /* RedesSociales */ = {
			isa = PBXNativeTarget;
			buildConfigurationList = FB2D59C22D91B07E00C4D7DF /* Build configuration list for PBXNativeTarget "RedesSociales" */;
			buildPhases = (
				FB2D59B02D91B07D00C4D7DF /* Sources */,
				FB2D59B12D91B07D00C4D7DF /* Frameworks */,
				FB2D59B22D91B07D00C4D7DF /* Resources */,
			);
			buildRules = (
			);
			dependencies = (
			);
			name = RedesSociales;
			productName = RedesSociales;
			productReference = FB2D59B42D91B07D00C4D7DF /* RedesSociales.app */;
			productType = "com.apple.product-type.application";
		};
/* End PBXNativeTarget section */

/* Begin PBXProject section */
		FB2D59AC2D91B07D00C4D7DF /* Project object */ = {
			isa = PBXProject;
			attributes = {
				BuildIndependentTargetsInParallel = 1;
				LastSwiftUpdateCheck = 1540;
				LastUpgradeCheck = 1540;
				TargetAttributes = {
					FB2D59B32D91B07D00C4D7DF = {
						CreatedOnToolsVersion = 15.4;
					};
				};
			};
			buildConfigurationList = FB2D59AF2D91B07D00C4D7DF /* Build configuration list for PBXProject "RedesSociales" */;
			compatibilityVersion = "Xcode 14.0";
			developmentRegion = en;
			hasScannedForEncodings = 0;
			knownRegions = (
				en,
				Base,
			);
			mainGroup = FB2D59AB2D91B07D00C4D7DF;
			productRefGroup = FB2D59B52D91B07D00C4D7DF /* Products */;
			projectDirPath = "";
			projectRoot = "";
			targets = (
				FB2D59B32D91B07D00C4D7DF /* RedesSociales */,
			);
		};
/* End PBXProject section */

/* Begin PBXResourcesBuildPhase section */
		FB2D59B22D91B07D00C4D7DF /* Resources */ = {
			isa = PBXResourcesBuildPhase;
			buildActionMask = 2147483647;
			files = (
				FB2D59BF2D91B07E00C4D7DF /* Preview Assets.xcassets in Resources */,
				FB2D59BC2D91B07E00C4D7DF /* Assets.xcassets in Resources */,
			);
			runOnlyForDeploymentPostprocessing = 0;
		};
/* End PBXResourcesBuildPhase section */

/* Begin PBXSourcesBuildPhase section */
		FB2D59B02D91B07D00C4D7DF /* Sources */ = {
			isa = PBXSourcesBuildPhase;
			buildActionMask = 2147483647;
			files = (
				FBBA08532D9AECA200890170 /* menu_aplicacion.swift in Sources */,
				FB2D59D32D91BE1900C4D7DF /* publicaciones_general.swift in Sources */,
				FBE61AAA2DA034030069B2C4 /* pantalla_personajes.swift in Sources */,
				FB0CD3382DBFDCD000C5D487 /* pantalla_planeta.swift in Sources */,
				FB2D59CB2D91B49C00C4D7DF /* placeholder_api.swift in Sources */,
				FB9B38282D9704690057C2D2 /* perfil_vista_basica.swift in Sources */,
				FB2D59BA2D91B07D00C4D7DF /* ContentView.swift in Sources */,
				FBE61AA22DA0312C0069B2C4 /* transformacion.swift in Sources */,
				FB9B38252D9700F50057C2D2 /* perfil.swift in Sources */,
				FBE61AA72DA032610069B2C4 /* pagina_resultados.swift in Sources */,
				FB2D59C92D91B25500C4D7DF /* Publicacion.swift in Sources */,
				FBE61AA42DA031710069B2C4 /* dragonball_api.swift in Sources */,
				FB9A25F92D94633A00F6F507 /* comentario.swift in Sources */,
				FBE61A9E2DA030970069B2C4 /* mono_chino.swift in Sources */,
				FBBCD5F72D945E880025B4C5 /* publicacion.swift in Sources */,
				FB2D59CF2D91BC4100C4D7DF /* controlador_publicaciones.swift in Sources */,
				FB2D59B82D91B07D00C4D7DF /* RedesSocialesApp.swift in Sources */,
				FB283BB02DA4281C00896C09 /* pantalla_descripcion.swift in Sources */,
				FBE61AA02DA030EF0069B2C4 /* planeta.swift in Sources */,
				FB2D59CD2D91B4AA00C4D7DF /* errores.swift in Sources */,
				FBBCD5F52D94534E0025B4C5 /* controlador_app.swift in Sources */,
			);
			runOnlyForDeploymentPostprocessing = 0;
		};
/* End PBXSourcesBuildPhase section */

/* Begin XCBuildConfiguration section */
		FB2D59C02D91B07E00C4D7DF /* Debug */ = {
			isa = XCBuildConfiguration;
			buildSettings = {
				ALWAYS_SEARCH_USER_PATHS = NO;
				ASSETCATALOG_COMPILER_GENERATE_SWIFT_ASSET_SYMBOL_EXTENSIONS = YES;
				CLANG_ANALYZER_NONNULL = YES;
				CLANG_ANALYZER_NUMBER_OBJECT_CONVERSION = YES_AGGRESSIVE;
				CLANG_CXX_LANGUAGE_STANDARD = "gnu++20";
				CLANG_ENABLE_MODULES = YES;
				CLANG_ENABLE_OBJC_ARC = YES;
				CLANG_ENABLE_OBJC_WEAK = YES;
				CLANG_WARN_BLOCK_CAPTURE_AUTORELEASING = YES;
				CLANG_WARN_BOOL_CONVERSION = YES;
				CLANG_WARN_COMMA = YES;
				CLANG_WARN_CONSTANT_CONVERSION = YES;
				CLANG_WARN_DEPRECATED_OBJC_IMPLEMENTATIONS = YES;
				CLANG_WARN_DIRECT_OBJC_ISA_USAGE = YES_ERROR;
				CLANG_WARN_DOCUMENTATION_COMMENTS = YES;
				CLANG_WARN_EMPTY_BODY = YES;
				CLANG_WARN_ENUM_CONVERSION = YES;
				CLANG_WARN_INFINITE_RECURSION = YES;
				CLANG_WARN_INT_CONVERSION = YES;
				CLANG_WARN_NON_LITERAL_NULL_CONVERSION = YES;
				CLANG_WARN_OBJC_IMPLICIT_RETAIN_SELF = YES;
				CLANG_WARN_OBJC_LITERAL_CONVERSION = YES;
				CLANG_WARN_OBJC_ROOT_CLASS = YES_ERROR;
				CLANG_WARN_QUOTED_INCLUDE_IN_FRAMEWORK_HEADER = YES;
				CLANG_WARN_RANGE_LOOP_ANALYSIS = YES;
				CLANG_WARN_STRICT_PROTOTYPES = YES;
				CLANG_WARN_SUSPICIOUS_MOVE = YES;
				CLANG_WARN_UNGUARDED_AVAILABILITY = YES_AGGRESSIVE;
				CLANG_WARN_UNREACHABLE_CODE = YES;
				CLANG_WARN__DUPLICATE_METHOD_MATCH = YES;
				COPY_PHASE_STRIP = NO;
				DEBUG_INFORMATION_FORMAT = dwarf;
				ENABLE_STRICT_OBJC_MSGSEND = YES;
				ENABLE_TESTABILITY = YES;
				ENABLE_USER_SCRIPT_SANDBOXING = YES;
				GCC_C_LANGUAGE_STANDARD = gnu17;
				GCC_DYNAMIC_NO_PIC = NO;
				GCC_NO_COMMON_BLOCKS = YES;
				GCC_OPTIMIZATION_LEVEL = 0;
				GCC_PREPROCESSOR_DEFINITIONS = (
					"DEBUG=1",
					"$(inherited)",
				);
				GCC_WARN_64_TO_32_BIT_CONVERSION = YES;
				GCC_WARN_ABOUT_RETURN_TYPE = YES_ERROR;
				GCC_WARN_UNDECLARED_SELECTOR = YES;
				GCC_WARN_UNINITIALIZED_AUTOS = YES_AGGRESSIVE;
				GCC_WARN_UNUSED_FUNCTION = YES;
				GCC_WARN_UNUSED_VARIABLE = YES;
				IPHONEOS_DEPLOYMENT_TARGET = 17.5;
				LOCALIZATION_PREFERS_STRING_CATALOGS = YES;
				MTL_ENABLE_DEBUG_INFO = INCLUDE_SOURCE;
				MTL_FAST_MATH = YES;
				ONLY_ACTIVE_ARCH = YES;
				SDKROOT = iphoneos;
				SWIFT_ACTIVE_COMPILATION_CONDITIONS = "DEBUG $(inherited)";
				SWIFT_OPTIMIZATION_LEVEL = "-Onone";
			};
			name = Debug;
		};
		FB2D59C12D91B07E00C4D7DF /* Release */ = {
			isa = XCBuildConfiguration;
			buildSettings = {
				ALWAYS_SEARCH_USER_PATHS = NO;
				ASSETCATALOG_COMPILER_GENERATE_SWIFT_ASSET_SYMBOL_EXTENSIONS = YES;
				CLANG_ANALYZER_NONNULL = YES;
				CLANG_ANALYZER_NUMBER_OBJECT_CONVERSION = YES_AGGRESSIVE;
				CLANG_CXX_LANGUAGE_STANDARD = "gnu++20";
				CLANG_ENABLE_MODULES = YES;
				CLANG_ENABLE_OBJC_ARC = YES;
				CLANG_ENABLE_OBJC_WEAK = YES;
				CLANG_WARN_BLOCK_CAPTURE_AUTORELEASING = YES;
				CLANG_WARN_BOOL_CONVERSION = YES;
				CLANG_WARN_COMMA = YES;
				CLANG_WARN_CONSTANT_CONVERSION = YES;
				CLANG_WARN_DEPRECATED_OBJC_IMPLEMENTATIONS = YES;
				CLANG_WARN_DIRECT_OBJC_ISA_USAGE = YES_ERROR;
				CLANG_WARN_DOCUMENTATION_COMMENTS = YES;
				CLANG_WARN_EMPTY_BODY = YES;
				CLANG_WARN_ENUM_CONVERSION = YES;
				CLANG_WARN_INFINITE_RECURSION = YES;
				CLANG_WARN_INT_CONVERSION = YES;
				CLANG_WARN_NON_LITERAL_NULL_CONVERSION = YES;
				CLANG_WARN_OBJC_IMPLICIT_RETAIN_SELF = YES;
				CLANG_WARN_OBJC_LITERAL_CONVERSION = YES;
				CLANG_WARN_OBJC_ROOT_CLASS = YES_ERROR;
				CLANG_WARN_QUOTED_INCLUDE_IN_FRAMEWORK_HEADER = YES;
				CLANG_WARN_RANGE_LOOP_ANALYSIS = YES;
				CLANG_WARN_STRICT_PROTOTYPES = YES;
				CLANG_WARN_SUSPICIOUS_MOVE = YES;
				CLANG_WARN_UNGUARDED_AVAILABILITY = YES_AGGRESSIVE;
				CLANG_WARN_UNREACHABLE_CODE = YES;
				CLANG_WARN__DUPLICATE_METHOD_MATCH = YES;
				COPY_PHASE_STRIP = NO;
				DEBUG_INFORMATION_FORMAT = "dwarf-with-dsym";
				ENABLE_NS_ASSERTIONS = NO;
				ENABLE_STRICT_OBJC_MSGSEND = YES;
				ENABLE_USER_SCRIPT_SANDBOXING = YES;
				GCC_C_LANGUAGE_STANDARD = gnu17;
				GCC_NO_COMMON_BLOCKS = YES;
				GCC_WARN_64_TO_32_BIT_CONVERSION = YES;
				GCC_WARN_ABOUT_RETURN_TYPE = YES_ERROR;
				GCC_WARN_UNDECLARED_SELECTOR = YES;
				GCC_WARN_UNINITIALIZED_AUTOS = YES_AGGRESSIVE;
				GCC_WARN_UNUSED_FUNCTION = YES;
				GCC_WARN_UNUSED_VARIABLE = YES;
				IPHONEOS_DEPLOYMENT_TARGET = 17.5;
				LOCALIZATION_PREFERS_STRING_CATALOGS = YES;
				MTL_ENABLE_DEBUG_INFO = NO;
				MTL_FAST_MATH = YES;
				SDKROOT = iphoneos;
				SWIFT_COMPILATION_MODE = wholemodule;
				VALIDATE_PRODUCT = YES;
			};
			name = Release;
		};
		FB2D59C32D91B07E00C4D7DF /* Debug */ = {
			isa = XCBuildConfiguration;
			buildSettings = {
				ASSETCATALOG_COMPILER_APPICON_NAME = AppIcon;
				ASSETCATALOG_COMPILER_GLOBAL_ACCENT_COLOR_NAME = AccentColor;
				CODE_SIGN_STYLE = Automatic;
				CURRENT_PROJECT_VERSION = 1;
				DEVELOPMENT_ASSET_PATHS = "\"RedesSociales/Preview Content\"";
				ENABLE_PREVIEWS = YES;
				GENERATE_INFOPLIST_FILE = YES;
				INFOPLIST_KEY_UIApplicationSceneManifest_Generation = YES;
				INFOPLIST_KEY_UIApplicationSupportsIndirectInputEvents = YES;
				INFOPLIST_KEY_UILaunchScreen_Generation = YES;
				INFOPLIST_KEY_UISupportedInterfaceOrientations_iPad = "UIInterfaceOrientationPortrait UIInterfaceOrientationPortraitUpsideDown UIInterfaceOrientationLandscapeLeft UIInterfaceOrientationLandscapeRight";
				INFOPLIST_KEY_UISupportedInterfaceOrientations_iPhone = "UIInterfaceOrientationPortrait UIInterfaceOrientationLandscapeLeft UIInterfaceOrientationLandscapeRight";
				LD_RUNPATH_SEARCH_PATHS = (
					"$(inherited)",
					"@executable_path/Frameworks",
				);
				MARKETING_VERSION = 1.0;
				PRODUCT_BUNDLE_IDENTIFIER = mx.alumnos.uacj.RedesSociales;
				PRODUCT_NAME = "$(TARGET_NAME)";
				SWIFT_EMIT_LOC_STRINGS = YES;
				SWIFT_VERSION = 5.0;
				TARGETED_DEVICE_FAMILY = "1,2";
			};
			name = Debug;
		};
		FB2D59C42D91B07E00C4D7DF /* Release */ = {
			isa = XCBuildConfiguration;
			buildSettings = {
				ASSETCATALOG_COMPILER_APPICON_NAME = AppIcon;
				ASSETCATALOG_COMPILER_GLOBAL_ACCENT_COLOR_NAME = AccentColor;
				CODE_SIGN_STYLE = Automatic;
				CURRENT_PROJECT_VERSION = 1;
				DEVELOPMENT_ASSET_PATHS = "\"RedesSociales/Preview Content\"";
				ENABLE_PREVIEWS = YES;
				GENERATE_INFOPLIST_FILE = YES;
				INFOPLIST_KEY_UIApplicationSceneManifest_Generation = YES;
				INFOPLIST_KEY_UIApplicationSupportsIndirectInputEvents = YES;
				INFOPLIST_KEY_UILaunchScreen_Generation = YES;
				INFOPLIST_KEY_UISupportedInterfaceOrientations_iPad = "UIInterfaceOrientationPortrait UIInterfaceOrientationPortraitUpsideDown UIInterfaceOrientationLandscapeLeft UIInterfaceOrientationLandscapeRight";
				INFOPLIST_KEY_UISupportedInterfaceOrientations_iPhone = "UIInterfaceOrientationPortrait UIInterfaceOrientationLandscapeLeft UIInterfaceOrientationLandscapeRight";
				LD_RUNPATH_SEARCH_PATHS = (
					"$(inherited)",
					"@executable_path/Frameworks",
				);
				MARKETING_VERSION = 1.0;
				PRODUCT_BUNDLE_IDENTIFIER = mx.alumnos.uacj.RedesSociales;
				PRODUCT_NAME = "$(TARGET_NAME)";
				SWIFT_EMIT_LOC_STRINGS = YES;
				SWIFT_VERSION = 5.0;
				TARGETED_DEVICE_FAMILY = "1,2";
			};
			name = Release;
		};
/* End XCBuildConfiguration section */

/* Begin XCConfigurationList section */
		FB2D59AF2D91B07D00C4D7DF /* Build configuration list for PBXProject "RedesSociales" */ = {
			isa = XCConfigurationList;
			buildConfigurations = (
				FB2D59C02D91B07E00C4D7DF /* Debug */,
				FB2D59C12D91B07E00C4D7DF /* Release */,
			);
			defaultConfigurationIsVisible = 0;
			defaultConfigurationName = Release;
		};
		FB2D59C22D91B07E00C4D7DF /* Build configuration list for PBXNativeTarget "RedesSociales" */ = {
			isa = XCConfigurationList;
			buildConfigurations = (
				FB2D59C32D91B07E00C4D7DF /* Debug */,
				FB2D59C42D91B07E00C4D7DF /* Release */,
			);
			defaultConfigurationIsVisible = 0;
			defaultConfigurationName = Release;
		};
/* End XCConfigurationList section */
	};
	rootObject = FB2D59AC2D91B07D00C4D7DF /* Project object */;
}
